# This file is automatically @generated by Cargo.
# It is not intended for manual editing.
version = 4

[[package]]
name = "bitflags"
version = "2.9.1"
source = "registry+https://github.com/rust-lang/crates.io-index"
checksum = "1b8e56985ec62d17e9c1001dc89c88ecd7dc08e47eba5ec7c29c7b5eeecde967"

[[package]]
name = "boot"
version = "0.1.0"
dependencies = [
 "drivers",
 "hypervisor",
 "kernel",
 "limine",
 "logger",
 "pmm",
 "slab",
 "utils",
]

[[package]]
name = "drivers"
version = "0.1.0"
dependencies = [
 "kernel",
 "logger",
 "modular-bitfield",
 "utils",
]

[[package]]
name = "hypervisor"
version = "0.1.0"
dependencies = [
 "kernel",
 "logger",
 "modular-bitfield",
 "scheduler",
 "slab",
 "utils",
]

[[package]]
name = "kernel"
version = "0.1.0"
dependencies = [
 "limine",
 "logger",
 "macros",
 "modular-bitfield",
 "pmm",
 "rustc-std-workspace-alloc",
 "utils",
]

[[package]]
name = "limine"
version = "0.5.0"
source = "registry+https://github.com/rust-lang/crates.io-index"
checksum = "af6d2ee42712e7bd2c787365cd1dab06ef59a61becbf87bec7b32b970bd2594b"
dependencies = [
 "bitflags",
]

[[package]]
name = "logger"
version = "0.1.0"
dependencies = [
 "limine",
]

[[package]]
name = "macros"
version = "0.1.0"
dependencies = [
 "quote",
 "syn",
]

[[package]]
name = "modular-bitfield"
version = "0.12.0"
source = "registry+https://github.com/rust-lang/crates.io-index"
checksum = "be0d5274763b5572c8f29dadb5cd0bc59de64c805de433c1b556075f733b0a1a"
dependencies = [
 "modular-bitfield-impl",
 "static_assertions",
]

[[package]]
name = "modular-bitfield-impl"
version = "0.12.0"
source = "registry+https://github.com/rust-lang/crates.io-index"
checksum = "f8eec4327f127d4d18c54c8bfbf7b05d74cc9a1befdcc6283a241238ffbc84c6"
dependencies = [
 "proc-macro2",
 "quote",
 "syn",
]

[[package]]
name = "pmm"
version = "0.1.0"
dependencies = [
 "limine",
 "logger",
 "utils",
]

[[package]]
name = "proc-macro2"
version = "1.0.95"
source = "registry+https://github.com/rust-lang/crates.io-index"
checksum = "02b3e5e68a3a1a02aad3ec490a98007cbc13c37cbe84a3cd7b8e406d76e7f778"
dependencies = [
 "unicode-ident",
]

[[package]]
name = "quote"
version = "1.0.40"
source = "registry+https://github.com/rust-lang/crates.io-index"
checksum = "1885c039570dc00dcb4ff087a89e185fd56bae234ddc7f056a945bf36467248d"
dependencies = [
 "proc-macro2",
]

[[package]]
name = "rustc-std-workspace-alloc"
version = "1.0.1"
source = "registry+https://github.com/rust-lang/crates.io-index"
checksum = "f9d441c3b2ebf55cebf796bfdc265d67fa09db17b7bb6bd4be75c509e1e8fec3"

[[package]]
name = "scheduler"
version = "0.1.0"
dependencies = [
 "kernel",
 "logger",
 "utils",
]

[[package]]
name = "slab"
version = "0.1.0"
dependencies = [
 "kernel",
 "limine",
 "utils",
]

[[package]]
name = "static_assertions"
version = "1.1.0"
source = "registry+https://github.com/rust-lang/crates.io-index"
checksum = "a2eb9349b6444b326872e140eb1cf5e7c522154d69e7a0ffb0fb81c06b37543f"

[[package]]
name = "syn"
version = "2.0.103"
source = "registry+https://github.com/rust-lang/crates.io-index"
checksum = "e4307e30089d6fd6aff212f2da3a1f9e32f3223b1f010fb09b7c95f90f3ca1e8"
dependencies = [
 "proc-macro2",
 "quote",
 "unicode-ident",
]

[[package]]
name = "unicode-ident"
version = "1.0.18"
source = "registry+https://github.com/rust-lang/crates.io-index"
checksum = "5a5f39404a5da50712a4c1eecf25e90dd62b613502b7e925fd4e4d19b5c96512"

[[package]]
name = "utils"
version = "0.1.0"
